{
    "_meta": {
        "hash": {
            "sha256": "2f0aac36463df258ad8042e2dc837968f1d3f0c2a50722e1c6e23834d2c94be6"
        },
        "pipfile-spec": 6,
        "requires": {
            "python_version": "3.10"
        },
        "sources": [
            {
                "name": "pypi",
                "url": "https://pypi.org/simple",
                "verify_ssl": true
            }
        ]
    },
    "default": {
        "cbor2": {
            "hashes": [
                "sha256:3038523b8fc7de312bb9cdcbbbd599987e64307c4db357cd2030c472a6c7d468",
                "sha256:34cf5ab0dc310c3d0196caa6ae062dc09f6c242e2544bea01691fe60c0230596",
                "sha256:37096663a5a1c46a776aea44906cbe5fa3952f29f50f349179c00525d321c862",
                "sha256:38886c41bebcd7dca57739439455bce759f1e4c551b511f618b8e9c1295b431b",
                "sha256:3d1a18b3a58dcd9b40ab55c726160d4a6b74868f2a35b71f9e726268b46dc6a2",
                "sha256:4586a4f65546243096e56a3f18f29d60752ee9204722377021b3119a03ed99ff",
                "sha256:47261f54a024839ec649b950013c4de5b5f521afe592a2688eebbe22430df1dc",
                "sha256:54c72a3207bb2d4480c2c39dad12d7971ce0853a99e3f9b8d559ce6eac84f66f",
                "sha256:559dcf0d897260a9e95e7b43556a62253e84550b77147a1ad4d2c389a2a30192",
                "sha256:5b856fda4c50c5bc73ed3664e64211fa4f015970ed7a15a4d6361bd48462feaf",
                "sha256:5ce13a27ef8fddf643fc17a753fe34aa72b251d03c23da6a560c005dc171085b",
                "sha256:5cff06464b8f4ca6eb9abcba67bda8f8334a058abc01005c8e616728c387ad32",
                "sha256:61ceb77e6aa25c11c814d4fe8ec9e3bac0094a1f5bd8a2a8c95694596ea01e08",
                "sha256:66dd25dd919cddb0b36f97f9ccfa51947882f064729e65e6bef17c28535dc459",
                "sha256:6797b824b26a30794f2b169c0575301ca9b74ae99064e71d16e6ba0c9057de51",
                "sha256:6e14a1bf6269d25e02ef1d4008e0ce8880aa271d7c6b4c329dba48645764f60e",
                "sha256:73b9647eed1493097db6aad61e03d8f1252080ee041a1755de18000dd2c05f37",
                "sha256:7488aec919f8408f9987a3a32760bd385d8628b23a35477917aa3923ff6ad45f",
                "sha256:7f6d69f38f7d788b04c09ef2b06747536624b452b3c8b371ab78ad43b0296fab",
                "sha256:824f202b556fc204e2e9a67d6d6d624e150fbd791278ccfee24e68caec578afd",
                "sha256:863e0983989d56d5071270790e7ed8ddbda88c9e5288efdb759aba2efee670bc",
                "sha256:87026fc838370d69f23ed8572939bd71cea2b3f6c8f8bb8283f573374b4d7f33",
                "sha256:8f747b7a9aaa58881a0c5b4cd4a9b8fb27eca984ed261a769b61de1f6b5bd1e6",
                "sha256:90bfa36944caccec963e6ab7e01e64e31cc6664535dc06e6295ee3937c999cbb",
                "sha256:93676af02bd9a0b4a62c17c5b20f8e9c37b5019b1a24db70a2ee6cb770423568",
                "sha256:94885903105eec66d7efb55f4ce9884fdc5a4d51f3bd75b6fedc68c5c251511b",
                "sha256:97a7e409b864fecf68b2ace8978eb5df1738799a333ec3ea2b9597bfcdd6d7d2",
                "sha256:a34ee99e86b17444ecbe96d54d909dd1a20e2da9f814ae91b8b71cf1ee2a95e4",
                "sha256:a3ac50485cf67dfaab170a3e7b527630e93cb0a6af8cdaa403054215dff93adf",
                "sha256:a83b76367d1c3e69facbcb8cdf65ed6948678e72f433137b41d27458aa2a40cb",
                "sha256:a88f029522aec5425fc2f941b3df90da7688b6756bd3f0472ab886d21208acbd",
                "sha256:a8947c102cac79d049eadbd5e2ffb8189952890df7cbc3ee262bbc2f95b011a9",
                "sha256:ae2b49226224e92851c333b91d83292ec62eba53a19c68a79890ce35f1230d70",
                "sha256:b682820677ee1dbba45f7da11898d2720f92e06be36acec290867d5ebf3d7e09",
                "sha256:b9d15b638539b68aa5d5eacc56099b4543a38b2d2c896055dccf7e83d24b7955",
                "sha256:e16c4a87fc999b4926f5c8f6c696b0d251b4745bc40f6c5aee51d69b30b15ca2",
                "sha256:e25c2aebc9db99af7190e2261168cdde8ed3d639ca06868e4f477cf3a228a8e9",
                "sha256:f0d0a9c5aabd48ecb17acf56004a7542a0b8d8212be52f3102b8218284bd881e",
                "sha256:f2764804ffb6553283fc4afb10a280715905a4cea4d6dc7c90d3e89c4a93bc8d",
                "sha256:f4c7dbcdc59ea7f5a745d3e30ee5e6b6ff5ce7ac244aa3de6786391b10027bb3",
                "sha256:f91e6d74fa6917df31f8757fdd0e154203b0dd0609ec53eb957016a2b474896a",
                "sha256:fa61a02995f3a996c03884cf1a0b5733f88cbfd7fa0e34944bf678d4227ee712",
                "sha256:fde21ac1cf29336a31615a2c469a9cb03cf0add3ae480672d4d38cda467d07fc",
                "sha256:fe11c2eb518c882cfbeed456e7a552e544893c17db66fe5d3230dbeaca6b615c"
            ],
            "index": "pypi",
            "markers": "python_version >= '3.8'",
            "version": "==5.6.5"
        },
        "certifi": {
            "hashes": [
                "sha256:2e0c7ce7cb5d8f8634ca55d2ba7e6ec2689a2fd6537d8dec1296a477a4910057",
                "sha256:d747aa5a8b9bbbb1bb8c22bb13e22bd1f18e9796defa16bab421f7f7a317323b"
            ],
            "markers": "python_version >= '3.7'",
            "version": "==2025.6.15"
        },
        "distlib": {
            "hashes": [
                "sha256:47f8c22fd27c27e25a65601af709b38e4f0a45ea4fc2e710f65755fa8caaaf87",
                "sha256:a60f20dea646b8a33f3e7772f74dc0b2d0772d2837ee1342a00645c81edf9403"
            ],
            "version": "==0.3.9"
        },
        "filelock": {
            "hashes": [
                "sha256:adbc88eabb99d2fec8c9c1b229b171f18afa655400173ddc653d5d01501fb9f2",
                "sha256:c401f4f8377c4464e6db25fff06205fd89bdd83b65eb0488ed1b160f780e21de"
            ],
            "markers": "python_version >= '3.9'",
            "version": "==3.18.0"
        },
        "packaging": {
            "hashes": [
                "sha256:29572ef2b1f17581046b3a2227d5c611fb25ec70ca1ba8554b24b0e69331a484",
                "sha256:d443872c98d677bf60f6a1f2f8c1cb748e8fe762d2bf9d3148b5599295b0fc4f"
            ],
            "markers": "python_version >= '3.8'",
            "version": "==25.0"
        },
        "pipenv": {
            "hashes": [
                "sha256:87370bedcf0ff66d226af07ca341ae94afcc08fed90d57ad9fea9ffd44ced4d3",
                "sha256:f0a67aa928824e61003d52acea72a94b180800019f03d38a311966f6330bc8d1"
            ],
            "index": "pypi",
            "markers": "python_version >= '3.9'",
            "version": "==2025.0.3"
        },
        "platformdirs": {
            "hashes": [
                "sha256:3d512d96e16bcb959a814c9f348431070822a6496326a4be0911c40b5a74c2bc",
                "sha256:ff7059bb7eb1179e2685604f4aaf157cfd9535242bd23742eadc3c13542139b4"
            ],
            "markers": "python_version >= '3.9'",
            "version": "==4.3.8"
        },
        "setuptools": {
            "hashes": [
                "sha256:062d34222ad13e0cc312a4c02d73f059e86a4acbfbdea8f8f76b28c99f306922",
                "sha256:f36b47402ecde768dbfafc46e8e4207b4360c654f1f3bb84475f0a28628fb19c"
            ],
            "markers": "python_version >= '3.9'",
            "version": "==80.9.0"
        },
        "virtualenv": {
            "hashes": [
                "sha256:36efd0d9650ee985f0cad72065001e66d49a6f24eb44d98980f630686243cf11",
                "sha256:e10c0a9d02835e592521be48b332b6caee6887f332c111aa79a09b9e79efc2af"
            ],
            "markers": "python_version >= '3.8'",
            "version": "==20.31.2"
        }
    },
    "develop": {}
}
